Microsoft Visual Studio Solution File, Format Version 11.00
# Visual Studio 2008

Project("{2822DEE5-6E99-D6C5-DC9A-381680441BED}") = "CSRun_v8", "Assembly-CSharp.csproj", "{044AEDEB-1363-AEB7-0C89-A0EF7D4DF278}"
EndProject
Project("{2822DEE5-6E99-D6C5-DC9A-381680441BED}") = "CSRun_v8", "Assembly-CSharp-Editor.csproj", "{20AF9A81-7F1E-7790-C21D-D58B20322D8B}"
EndProject
Global
	GlobalSection(SolutionConfigurationPlatforms) = preSolution
		Debug|Any CPU = Debug|Any CPU
		Release|Any CPU = Release|Any CPU
	EndGlobalSection
	GlobalSection(ProjectConfigurationPlatforms) = postSolution
		{044AEDEB-1363-AEB7-0C89-A0EF7D4DF278}.Debug|Any CPU.ActiveCfg = Debug|Any CPU
		{044AEDEB-1363-AEB7-0C89-A0EF7D4DF278}.Debug|Any CPU.Build.0 = Debug|Any CPU
		{044AEDEB-1363-AEB7-0C89-A0EF7D4DF278}.Release|Any CPU.ActiveCfg = Release|Any CPU
		{044AEDEB-1363-AEB7-0C89-A0EF7D4DF278}.Release|Any CPU.Build.0 = Release|Any CPU
		{20AF9A81-7F1E-7790-C21D-D58B20322D8B}.Debug|Any CPU.ActiveCfg = Debug|Any CPU
		{20AF9A81-7F1E-7790-C21D-D58B20322D8B}.Debug|Any CPU.Build.0 = Debug|Any CPU
		{20AF9A81-7F1E-7790-C21D-D58B20322D8B}.Release|Any CPU.ActiveCfg = Release|Any CPU
		{20AF9A81-7F1E-7790-C21D-D58B20322D8B}.Release|Any CPU.Build.0 = Release|Any CPU
	EndGlobalSection
	GlobalSection(SolutionProperties) = preSolution
		HideSolutionNode = FALSE
	EndGlobalSection
	GlobalSection(MonoDevelopProperties) = preSolution
		StartupItem = Assembly-CSharp.csproj
	EndGlobalSection
EndGlobal
