
Microsoft Visual Studio Solution File, Format Version 12.00
# Visual Studio 2015
Project("{FAE04EC0-301F-11D3-BF4B-00C04F79EFBC}") = "CSRun_v5.CSharp", "CSRun_v5.CSharp.csproj", "{396E541E-4DC3-9710-F007-28282CC4D182}"
EndProject
Project("{FAE04EC0-301F-11D3-BF4B-00C04F79EFBC}") = "CSRun_v5.CSharp.Editor", "CSRun_v5.CSharp.Editor.csproj", "{845A73A3-C104-EE6E-26F3-EAEE68AD43A0}"
EndProject
Global
	GlobalSection(SolutionConfigurationPlatforms) = preSolution
		Debug|Any CPU = Debug|Any CPU
		Release|Any CPU = Release|Any CPU
	EndGlobalSection
	GlobalSection(ProjectConfigurationPlatforms) = postSolution
		{396E541E-4DC3-9710-F007-28282CC4D182}.Debug|Any CPU.ActiveCfg = Debug|Any CPU
		{396E541E-4DC3-9710-F007-28282CC4D182}.Debug|Any CPU.Build.0 = Debug|Any CPU
		{396E541E-4DC3-9710-F007-28282CC4D182}.Release|Any CPU.ActiveCfg = Release|Any CPU
		{396E541E-4DC3-9710-F007-28282CC4D182}.Release|Any CPU.Build.0 = Release|Any CPU
		{845A73A3-C104-EE6E-26F3-EAEE68AD43A0}.Debug|Any CPU.ActiveCfg = Debug|Any CPU
		{845A73A3-C104-EE6E-26F3-EAEE68AD43A0}.Debug|Any CPU.Build.0 = Debug|Any CPU
		{845A73A3-C104-EE6E-26F3-EAEE68AD43A0}.Release|Any CPU.ActiveCfg = Release|Any CPU
		{845A73A3-C104-EE6E-26F3-EAEE68AD43A0}.Release|Any CPU.Build.0 = Release|Any CPU
	EndGlobalSection
	GlobalSection(SolutionProperties) = preSolution
		HideSolutionNode = FALSE
	EndGlobalSection
EndGlobal
